
Microsoft Visual Studio Solution File, Format Version 12.00
# Visual Studio Version 17
VisualStudioVersion = 17.2.32516.85
MinimumVisualStudioVersion = 10.0.40219.1
Project("{9A19103F-16F7-4668-BE54-9A1E7A4F7556}") = "Ariadne.Kernel", "Ariadne.Kernel\Ariadne.Kernel.csproj", "{91E5E920-5ED7-41B3-B4D6-178833ECB22D}"
	ProjectSection(ProjectDependencies) = postProject
		{F5BBE571-3E0F-4322-BAE3-00B252521126} = {F5BBE571-3E0F-4322-BAE3-00B252521126}
	EndProjectSection
EndProject
Project("{8BC9CEB8-8B4A-11D0-8D11-00A0C91BC942}") = "Ariadne.CGAL", "Ariadne.CGAL\Ariadne.CGAL.vcxproj", "{F5BBE571-3E0F-4322-BAE3-00B252521126}"
EndProject
Project("{FAE04EC0-301F-11D3-BF4B-00C04F79EFBC}") = "Ariadne.Console", "Ariadne.Console\Ariadne.Console.csproj", "{4FA670AF-495E-4B27-98DE-DA2E6844936E}"
EndProject
Global
	GlobalSection(SolutionConfigurationPlatforms) = preSolution
		Debug|Any CPU = Debug|Any CPU
		Debug|x64 = Debug|x64
		Debug|x86 = Debug|x86
		Release|Any CPU = Release|Any CPU
		Release|x64 = Release|x64
		Release|x86 = Release|x86
	EndGlobalSection
	GlobalSection(ProjectConfigurationPlatforms) = postSolution
		{91E5E920-5ED7-41B3-B4D6-178833ECB22D}.Debug|Any CPU.ActiveCfg = Debug|Any CPU
		{91E5E920-5ED7-41B3-B4D6-178833ECB22D}.Debug|Any CPU.Build.0 = Debug|Any CPU
		{91E5E920-5ED7-41B3-B4D6-178833ECB22D}.Debug|x64.ActiveCfg = Debug|x64
		{91E5E920-5ED7-41B3-B4D6-178833ECB22D}.Debug|x64.Build.0 = Debug|x64
		{91E5E920-5ED7-41B3-B4D6-178833ECB22D}.Debug|x86.ActiveCfg = Debug|Any CPU
		{91E5E920-5ED7-41B3-B4D6-178833ECB22D}.Debug|x86.Build.0 = Debug|Any CPU
		{91E5E920-5ED7-41B3-B4D6-178833ECB22D}.Release|Any CPU.ActiveCfg = Release|Any CPU
		{91E5E920-5ED7-41B3-B4D6-178833ECB22D}.Release|Any CPU.Build.0 = Release|Any CPU
		{91E5E920-5ED7-41B3-B4D6-178833ECB22D}.Release|x64.ActiveCfg = Release|x64
		{91E5E920-5ED7-41B3-B4D6-178833ECB22D}.Release|x64.Build.0 = Release|x64
		{91E5E920-5ED7-41B3-B4D6-178833ECB22D}.Release|x86.ActiveCfg = Release|Any CPU
		{91E5E920-5ED7-41B3-B4D6-178833ECB22D}.Release|x86.Build.0 = Release|Any CPU
		{F5BBE571-3E0F-4322-BAE3-00B252521126}.Debug|Any CPU.ActiveCfg = Debug|x64
		{F5BBE571-3E0F-4322-BAE3-00B252521126}.Debug|Any CPU.Build.0 = Debug|x64
		{F5BBE571-3E0F-4322-BAE3-00B252521126}.Debug|x64.ActiveCfg = Debug|x64
		{F5BBE571-3E0F-4322-BAE3-00B252521126}.Debug|x64.Build.0 = Debug|x64
		{F5BBE571-3E0F-4322-BAE3-00B252521126}.Debug|x86.ActiveCfg = Debug|Win32
		{F5BBE571-3E0F-4322-BAE3-00B252521126}.Debug|x86.Build.0 = Debug|Win32
		{F5BBE571-3E0F-4322-BAE3-00B252521126}.Release|Any CPU.ActiveCfg = Release|x64
		{F5BBE571-3E0F-4322-BAE3-00B252521126}.Release|Any CPU.Build.0 = Release|x64
		{F5BBE571-3E0F-4322-BAE3-00B252521126}.Release|x64.ActiveCfg = Release|x64
		{F5BBE571-3E0F-4322-BAE3-00B252521126}.Release|x64.Build.0 = Release|x64
		{F5BBE571-3E0F-4322-BAE3-00B252521126}.Release|x86.ActiveCfg = Release|Win32
		{F5BBE571-3E0F-4322-BAE3-00B252521126}.Release|x86.Build.0 = Release|Win32
		{4FA670AF-495E-4B27-98DE-DA2E6844936E}.Debug|Any CPU.ActiveCfg = Debug|Any CPU
		{4FA670AF-495E-4B27-98DE-DA2E6844936E}.Debug|Any CPU.Build.0 = Debug|Any CPU
		{4FA670AF-495E-4B27-98DE-DA2E6844936E}.Debug|x64.ActiveCfg = Debug|Any CPU
		{4FA670AF-495E-4B27-98DE-DA2E6844936E}.Debug|x64.Build.0 = Debug|Any CPU
		{4FA670AF-495E-4B27-98DE-DA2E6844936E}.Debug|x86.ActiveCfg = Debug|Any CPU
		{4FA670AF-495E-4B27-98DE-DA2E6844936E}.Debug|x86.Build.0 = Debug|Any CPU
		{4FA670AF-495E-4B27-98DE-DA2E6844936E}.Release|Any CPU.ActiveCfg = Release|Any CPU
		{4FA670AF-495E-4B27-98DE-DA2E6844936E}.Release|Any CPU.Build.0 = Release|Any CPU
		{4FA670AF-495E-4B27-98DE-DA2E6844936E}.Release|x64.ActiveCfg = Release|Any CPU
		{4FA670AF-495E-4B27-98DE-DA2E6844936E}.Release|x64.Build.0 = Release|Any CPU
		{4FA670AF-495E-4B27-98DE-DA2E6844936E}.Release|x86.ActiveCfg = Release|Any CPU
		{4FA670AF-495E-4B27-98DE-DA2E6844936E}.Release|x86.Build.0 = Release|Any CPU
	EndGlobalSection
	GlobalSection(SolutionProperties) = preSolution
		HideSolutionNode = FALSE
	EndGlobalSection
	GlobalSection(ExtensibilityGlobals) = postSolution
		SolutionGuid = {E529C205-321F-4232-AB05-EC8049139F51}
	EndGlobalSection
EndGlobal
